
Microsoft Visual Studio Solution File, Format Version 12.00
# Visual Studio Version 16
VisualStudioVersion = 16.0.32510.428
MinimumVisualStudioVersion = 10.0.40219.1
Project("{FAE04EC0-301F-11D3-BF4B-00C04F79EFBC}") = "SN - Live Coding Test Complete", "SN - Live Coding Test Complete\SN - Live Coding Test Complete.csproj", "{C29E6901-3781-4B98-A969-9656EAA8176D}"
EndProject
Global
	GlobalSection(SolutionConfigurationPlatforms) = preSolution
		Debug|Any CPU = Debug|Any CPU
		Release|Any CPU = Release|Any CPU
	EndGlobalSection
	GlobalSection(ProjectConfigurationPlatforms) = postSolution
		{C29E6901-3781-4B98-A969-9656EAA8176D}.Debug|Any CPU.ActiveCfg = Debug|Any CPU
		{C29E6901-3781-4B98-A969-9656EAA8176D}.Debug|Any CPU.Build.0 = Debug|Any CPU
		{C29E6901-3781-4B98-A969-9656EAA8176D}.Release|Any CPU.ActiveCfg = Release|Any CPU
		{C29E6901-3781-4B98-A969-9656EAA8176D}.Release|Any CPU.Build.0 = Release|Any CPU
	EndGlobalSection
	GlobalSection(SolutionProperties) = preSolution
		HideSolutionNode = FALSE
	EndGlobalSection
	GlobalSection(ExtensibilityGlobals) = postSolution
		SolutionGuid = {9FE31711-31BD-49A0-B0B2-965281DB5B5D}
	EndGlobalSection
EndGlobal
